
Microsoft Visual Studio Solution File, Format Version 12.00
# Visual Studio 15
VisualStudioVersion = 15.0.26730.12
MinimumVisualStudioVersion = 10.0.40219.1
Project("{FAE04EC0-301F-11D3-BF4B-00C04F79EFBC}") = "CarGame", "CarGame.csproj", "{601332A4-553B-C0C9-9E08-455D5A2FD9E8}"
EndProject
Project("{FAE04EC0-301F-11D3-BF4B-00C04F79EFBC}") = "CarGame.Editor", "CarGame.Editor.csproj", "{6EA6BCCE-148F-E372-E4C3-7A3DD219146D}"
EndProject
Global
	GlobalSection(SolutionConfigurationPlatforms) = preSolution
		Debug|Any CPU = Debug|Any CPU
		Release|Any CPU = Release|Any CPU
	EndGlobalSection
	GlobalSection(ProjectConfigurationPlatforms) = postSolution
		{601332A4-553B-C0C9-9E08-455D5A2FD9E8}.Debug|Any CPU.ActiveCfg = Debug|Any CPU
		{601332A4-553B-C0C9-9E08-455D5A2FD9E8}.Debug|Any CPU.Build.0 = Debug|Any CPU
		{601332A4-553B-C0C9-9E08-455D5A2FD9E8}.Release|Any CPU.ActiveCfg = Release|Any CPU
		{601332A4-553B-C0C9-9E08-455D5A2FD9E8}.Release|Any CPU.Build.0 = Release|Any CPU
		{6EA6BCCE-148F-E372-E4C3-7A3DD219146D}.Debug|Any CPU.ActiveCfg = Debug|Any CPU
		{6EA6BCCE-148F-E372-E4C3-7A3DD219146D}.Debug|Any CPU.Build.0 = Debug|Any CPU
		{6EA6BCCE-148F-E372-E4C3-7A3DD219146D}.Release|Any CPU.ActiveCfg = Release|Any CPU
		{6EA6BCCE-148F-E372-E4C3-7A3DD219146D}.Release|Any CPU.Build.0 = Release|Any CPU
	EndGlobalSection
	GlobalSection(SolutionProperties) = preSolution
		HideSolutionNode = FALSE
	EndGlobalSection
	GlobalSection(ExtensibilityGlobals) = postSolution
		SolutionGuid = {94D4E839-B67F-4A1C-BEB5-DFC767FF3A54}
	EndGlobalSection
EndGlobal
